{
  "name": "md-links",
  "version": "0.1.0",
  "lockfileVersion": 1,
  "requires": true,
  "dependencies": {
    "markdown-link-extractor": {
      "version": "1.2.0",
      "resolved": "https://registry.npmjs.org/markdown-link-extractor/-/markdown-link-extractor-1.2.0.tgz",
      "integrity": "sha512-1unDsoZSSiF5oGFu/2y8M3E2I2YhWT/jiKGTQxa1IAmkC1OcyHo9OYNu3qCuVSj5Ty87+mFtgQxJPUfc08WirA==",
      "requires": {
        "marked": "^0.4.0"
      }
    },
    "marked": {
      "version": "0.4.0",
      "resolved": "https://registry.npmjs.org/marked/-/marked-0.4.0.tgz",
      "integrity": "sha512-tMsdNBgOsrUophCAFQl0XPe6Zqk/uy9gnue+jIIKhykO51hxyu6uNx7zBPy0+y/WKYVZZMspV9YeXLNdKk+iYw=="
    },
    "node-fetch": {
      "version": "2.3.0",
      "resolved": "https://registry.npmjs.org/node-fetch/-/node-fetch-2.3.0.tgz",
      "integrity": "sha512-MOd8pV3fxENbryESLgVIeaGKrdl+uaYhCSSVkjeOb/31/njTpcis5aWfdqgNlHIrKOLRbMnfPINPOML2CIFeXA=="
    },
    "valid-url": {
      "version": "1.0.9",
      "resolved": "https://registry.npmjs.org/valid-url/-/valid-url-1.0.9.tgz",
      "integrity": "sha1-HBRHm0DxOXp1eC8RXkCGRHQzogA="
    }
  }
}
